// !$*UTF8*$!
{
	archiveVersion = 1;
	classes = {
	};
	objectVersion = 50;
	objects = {

/* Begin PBXBuildFile section */
		92602D6C222CCE18004425B1 /* TextProgressView.m in Sources */ = {isa = PBXBuildFile; fileRef = 92602D6B222CCE18004425B1 /* TextProgressView.m */; };
		926F54E521EF63140066C8EE /* AppDelegate.m in Sources */ = {isa = PBXBuildFile; fileRef = 926F54E421EF63140066C8EE /* AppDelegate.m */; };
		926F54E821EF63140066C8EE /* ViewController.m in Sources */ = {isa = PBXBuildFile; fileRef = 926F54E721EF63140066C8EE /* ViewController.m */; };
		926F54ED21EF63160066C8EE /* Assets.xcassets in Resources */ = {isa = PBXBuildFile; fileRef = 926F54EC21EF63160066C8EE /* Assets.xcassets */; };
		926F54F021EF63160066C8EE /* LaunchScreen.storyboard in Resources */ = {isa = PBXBuildFile; fileRef = 926F54EE21EF63160066C8EE /* LaunchScreen.storyboard */; };
		926F54F321EF63160066C8EE /* main.m in Sources */ = {isa = PBXBuildFile; fileRef = 926F54F221EF63160066C8EE /* main.m */; };
		926F54FC21EF63600066C8EE /* ThinkVerb.m in Sources */ = {isa = PBXBuildFile; fileRef = 926F54FA21EF63600066C8EE /* ThinkVerb.m */; };
		969E463221F2CE660055E836 /* TableViewController.m in Sources */ = {isa = PBXBuildFile; fileRef = 969E463121F2CE660055E836 /* TableViewController.m */; };
/* End PBXBuildFile section */

/* Begin PBXFileReference section */
		92602D6A222CCE18004425B1 /* TextProgressView.h */ = {isa = PBXFileReference; lastKnownFileType = sourcecode.c.h; path = TextProgressView.h; sourceTree = "<group>"; };
		92602D6B222CCE18004425B1 /* TextProgressView.m */ = {isa = PBXFileReference; lastKnownFileType = sourcecode.c.objc; path = TextProgressView.m; sourceTree = "<group>"; };
		926F54E021EF63140066C8EE /* ThinkVerbDemo.app */ = {isa = PBXFileReference; explicitFileType = wrapper.application; includeInIndex = 0; path = ThinkVerbDemo.app; sourceTree = BUILT_PRODUCTS_DIR; };
		926F54E321EF63140066C8EE /* AppDelegate.h */ = {isa = PBXFileReference; lastKnownFileType = sourcecode.c.h; path = AppDelegate.h; sourceTree = "<group>"; };
		926F54E421EF63140066C8EE /* AppDelegate.m */ = {isa = PBXFileReference; lastKnownFileType = sourcecode.c.objc; path = AppDelegate.m; sourceTree = "<group>"; };
		926F54E621EF63140066C8EE /* ViewController.h */ = {isa = PBXFileReference; lastKnownFileType = sourcecode.c.h; path = ViewController.h; sourceTree = "<group>"; };
		926F54E721EF63140066C8EE /* ViewController.m */ = {isa = PBXFileReference; lastKnownFileType = sourcecode.c.objc; path = ViewController.m; sourceTree = "<group>"; };
		926F54EC21EF63160066C8EE /* Assets.xcassets */ = {isa = PBXFileReference; lastKnownFileType = folder.assetcatalog; path = Assets.xcassets; sourceTree = "<group>"; };
		926F54EF21EF63160066C8EE /* Base */ = {isa = PBXFileReference; lastKnownFileType = file.storyboard; name = Base; path = Base.lproj/LaunchScreen.storyboard; sourceTree = "<group>"; };
		926F54F121EF63160066C8EE /* Info.plist */ = {isa = PBXFileReference; lastKnownFileType = text.plist.xml; path = Info.plist; sourceTree = "<group>"; };
		926F54F221EF63160066C8EE /* main.m */ = {isa = PBXFileReference; lastKnownFileType = sourcecode.c.objc; path = main.m; sourceTree = "<group>"; };
		926F54FA21EF63600066C8EE /* ThinkVerb.m */ = {isa = PBXFileReference; fileEncoding = 4; lastKnownFileType = sourcecode.c.objc; path = ThinkVerb.m; sourceTree = "<group>"; };
		926F54FB21EF63600066C8EE /* ThinkVerb.h */ = {isa = PBXFileReference; fileEncoding = 4; lastKnownFileType = sourcecode.c.h; path = ThinkVerb.h; sourceTree = "<group>"; };
		969E463021F2CE660055E836 /* TableViewController.h */ = {isa = PBXFileReference; lastKnownFileType = sourcecode.c.h; path = TableViewController.h; sourceTree = "<group>"; };
		969E463121F2CE660055E836 /* TableViewController.m */ = {isa = PBXFileReference; lastKnownFileType = sourcecode.c.objc; path = TableViewController.m; sourceTree = "<group>"; };
/* End PBXFileReference section */

/* Begin PBXFrameworksBuildPhase section */
		926F54DD21EF63140066C8EE /* Frameworks */ = {
			isa = PBXFrameworksBuildPhase;
			buildActionMask = 2147483647;
			files = (
			);
			runOnlyForDeploymentPostprocessing = 0;
		};
/* End PBXFrameworksBuildPhase section */

/* Begin PBXGroup section */
		92602D69222CCDDA004425B1 /* View */ = {
			isa = PBXGroup;
			children = (
				92602D6A222CCE18004425B1 /* TextProgressView.h */,
				92602D6B222CCE18004425B1 /* TextProgressView.m */,
			);
			path = View;
			sourceTree = "<group>";
		};
		926F54D721EF63140066C8EE = {
			isa = PBXGroup;
			children = (
				926F54F921EF63600066C8EE /* ThinkVerb */,
				926F54E221EF63140066C8EE /* ThinkVerbDemo */,
				926F54E121EF63140066C8EE /* Products */,
			);
			sourceTree = "<group>";
		};
		926F54E121EF63140066C8EE /* Products */ = {
			isa = PBXGroup;
			children = (
				926F54E021EF63140066C8EE /* ThinkVerbDemo.app */,
			);
			name = Products;
			sourceTree = "<group>";
		};
		926F54E221EF63140066C8EE /* ThinkVerbDemo */ = {
			isa = PBXGroup;
			children = (
				92602D69222CCDDA004425B1 /* View */,
				926F54E321EF63140066C8EE /* AppDelegate.h */,
				926F54E421EF63140066C8EE /* AppDelegate.m */,
				969E463021F2CE660055E836 /* TableViewController.h */,
				969E463121F2CE660055E836 /* TableViewController.m */,
				926F54E621EF63140066C8EE /* ViewController.h */,
				926F54E721EF63140066C8EE /* ViewController.m */,
				926F54EC21EF63160066C8EE /* Assets.xcassets */,
				926F54EE21EF63160066C8EE /* LaunchScreen.storyboard */,
				926F54F121EF63160066C8EE /* Info.plist */,
				926F54F221EF63160066C8EE /* main.m */,
			);
			path = ThinkVerbDemo;
			sourceTree = "<group>";
		};
		926F54F921EF63600066C8EE /* ThinkVerb */ = {
			isa = PBXGroup;
			children = (
				926F54FB21EF63600066C8EE /* ThinkVerb.h */,
				926F54FA21EF63600066C8EE /* ThinkVerb.m */,
			);
			name = ThinkVerb;
			path = ../ThinkVerb;
			sourceTree = "<group>";
		};
/* End PBXGroup section */

/* Begin PBXNativeTarget section */
		926F54DF21EF63140066C8EE /* ThinkVerbDemo */ = {
			isa = PBXNativeTarget;
			buildConfigurationList = 926F54F621EF63160066C8EE /* Build configuration list for PBXNativeTarget "ThinkVerbDemo" */;
			buildPhases = (
				926F54DC21EF63140066C8EE /* Sources */,
				926F54DD21EF63140066C8EE /* Frameworks */,
				926F54DE21EF63140066C8EE /* Resources */,
			);
			buildRules = (
			);
			dependencies = (
			);
			name = ThinkVerbDemo;
			productName = ThinkVerbDemo;
			productReference = 926F54E021EF63140066C8EE /* ThinkVerbDemo.app */;
			productType = "com.apple.product-type.application";
		};
/* End PBXNativeTarget section */

/* Begin PBXProject section */
		926F54D821EF63140066C8EE /* Project object */ = {
			isa = PBXProject;
			attributes = {
				LastUpgradeCheck = 1010;
				ORGANIZATIONNAME = CAI;
				TargetAttributes = {
					926F54DF21EF63140066C8EE = {
						CreatedOnToolsVersion = 10.1;
					};
				};
			};
			buildConfigurationList = 926F54DB21EF63140066C8EE /* Build configuration list for PBXProject "ThinkVerbDemo" */;
			compatibilityVersion = "Xcode 9.3";
			developmentRegion = en;
			hasScannedForEncodings = 0;
			knownRegions = (
				en,
				Base,
			);
			mainGroup = 926F54D721EF63140066C8EE;
			productRefGroup = 926F54E121EF63140066C8EE /* Products */;
			projectDirPath = "";
			projectRoot = "";
			targets = (
				926F54DF21EF63140066C8EE /* ThinkVerbDemo */,
			);
		};
/* End PBXProject section */

/* Begin PBXResourcesBuildPhase section */
		926F54DE21EF63140066C8EE /* Resources */ = {
			isa = PBXResourcesBuildPhase;
			buildActionMask = 2147483647;
			files = (
				926F54F021EF63160066C8EE /* LaunchScreen.storyboard in Resources */,
				926F54ED21EF63160066C8EE /* Assets.xcassets in Resources */,
			);
			runOnlyForDeploymentPostprocessing = 0;
		};
/* End PBXResourcesBuildPhase section */

/* Begin PBXSourcesBuildPhase section */
		926F54DC21EF63140066C8EE /* Sources */ = {
			isa = PBXSourcesBuildPhase;
			buildActionMask = 2147483647;
			files = (
				926F54E821EF63140066C8EE /* ViewController.m in Sources */,
				926F54F321EF63160066C8EE /* main.m in Sources */,
				926F54E521EF63140066C8EE /* AppDelegate.m in Sources */,
				92602D6C222CCE18004425B1 /* TextProgressView.m in Sources */,
				969E463221F2CE660055E836 /* TableViewController.m in Sources */,
				926F54FC21EF63600066C8EE /* ThinkVerb.m in Sources */,
			);
			runOnlyForDeploymentPostprocessing = 0;
		};
/* End PBXSourcesBuildPhase section */

/* Begin PBXVariantGroup section */
		926F54EE21EF63160066C8EE /* LaunchScreen.storyboard */ = {
			isa = PBXVariantGroup;
			children = (
				926F54EF21EF63160066C8EE /* Base */,
			);
			name = LaunchScreen.storyboard;
			sourceTree = "<group>";
		};
/* End PBXVariantGroup section */

/* Begin XCBuildConfiguration section */
		926F54F421EF63160066C8EE /* Debug */ = {
			isa = XCBuildConfiguration;
			buildSettings = {
				ALWAYS_SEARCH_USER_PATHS = NO;
				CLANG_ANALYZER_NONNULL = YES;
				CLANG_ANALYZER_NUMBER_OBJECT_CONVERSION = YES_AGGRESSIVE;
				CLANG_CXX_LANGUAGE_STANDARD = "gnu++14";
				CLANG_CXX_LIBRARY = "libc++";
				CLANG_ENABLE_MODULES = YES;
				CLANG_ENABLE_OBJC_ARC = YES;
				CLANG_ENABLE_OBJC_WEAK = YES;
				CLANG_WARN_BLOCK_CAPTURE_AUTORELEASING = YES;
				CLANG_WARN_BOOL_CONVERSION = YES;
				CLANG_WARN_COMMA = YES;
				CLANG_WARN_CONSTANT_CONVERSION = YES;
				CLANG_WARN_DEPRECATED_OBJC_IMPLEMENTATIONS = YES;
				CLANG_WARN_DIRECT_OBJC_ISA_USAGE = YES_ERROR;
				CLANG_WARN_DOCUMENTATION_COMMENTS = YES;
				CLANG_WARN_EMPTY_BODY = YES;
				CLANG_WARN_ENUM_CONVERSION = YES;
				CLANG_WARN_INFINITE_RECURSION = YES;
				CLANG_WARN_INT_CONVERSION = YES;
				CLANG_WARN_NON_LITERAL_NULL_CONVERSION = YES;
				CLANG_WARN_OBJC_IMPLICIT_RETAIN_SELF = YES;
				CLANG_WARN_OBJC_LITERAL_CONVERSION = YES;
				CLANG_WARN_OBJC_ROOT_CLASS = YES_ERROR;
				CLANG_WARN_RANGE_LOOP_ANALYSIS = YES;
				CLANG_WARN_STRICT_PROTOTYPES = YES;
				CLANG_WARN_SUSPICIOUS_MOVE = YES;
				CLANG_WARN_UNGUARDED_AVAILABILITY = YES_AGGRESSIVE;
				CLANG_WARN_UNREACHABLE_CODE = YES;
				CLANG_WARN__DUPLICATE_METHOD_MATCH = YES;
				CODE_SIGN_IDENTITY = "iPhone Developer";
				COPY_PHASE_STRIP = NO;
				DEBUG_INFORMATION_FORMAT = dwarf;
				ENABLE_STRICT_OBJC_MSGSEND = YES;
				ENABLE_TESTABILITY = YES;
				GCC_C_LANGUAGE_STANDARD = gnu11;
				GCC_DYNAMIC_NO_PIC = NO;
				GCC_NO_COMMON_BLOCKS = YES;
				GCC_OPTIMIZATION_LEVEL = 0;
				GCC_PREPROCESSOR_DEFINITIONS = (
					"DEBUG=1",
					"$(inherited)",
				);
				GCC_WARN_64_TO_32_BIT_CONVERSION = YES;
				GCC_WARN_ABOUT_RETURN_TYPE = YES_ERROR;
				GCC_WARN_UNDECLARED_SELECTOR = YES;
				GCC_WARN_UNINITIALIZED_AUTOS = YES_AGGRESSIVE;
				GCC_WARN_UNUSED_FUNCTION = YES;
				GCC_WARN_UNUSED_VARIABLE = YES;
				IPHONEOS_DEPLOYMENT_TARGET = 8.0;
				MTL_ENABLE_DEBUG_INFO = INCLUDE_SOURCE;
				MTL_FAST_MATH = YES;
				ONLY_ACTIVE_ARCH = YES;
				SDKROOT = iphoneos;
			};
			name = Debug;
		};
		926F54F521EF63160066C8EE /* Release */ = {
			isa = XCBuildConfiguration;
			buildSettings = {
				ALWAYS_SEARCH_USER_PATHS = NO;
				CLANG_ANALYZER_NONNULL = YES;
				CLANG_ANALYZER_NUMBER_OBJECT_CONVERSION = YES_AGGRESSIVE;
				CLANG_CXX_LANGUAGE_STANDARD = "gnu++14";
				CLANG_CXX_LIBRARY = "libc++";
				CLANG_ENABLE_MODULES = YES;
				CLANG_ENABLE_OBJC_ARC = YES;
				CLANG_ENABLE_OBJC_WEAK = YES;
				CLANG_WARN_BLOCK_CAPTURE_AUTORELEASING = YES;
				CLANG_WARN_BOOL_CONVERSION = YES;
				CLANG_WARN_COMMA = YES;
				CLANG_WARN_CONSTANT_CONVERSION = YES;
				CLANG_WARN_DEPRECATED_OBJC_IMPLEMENTATIONS = YES;
				CLANG_WARN_DIRECT_OBJC_ISA_USAGE = YES_ERROR;
				CLANG_WARN_DOCUMENTATION_COMMENTS = YES;
				CLANG_WARN_EMPTY_BODY = YES;
				CLANG_WARN_ENUM_CONVERSION = YES;
				CLANG_WARN_INFINITE_RECURSION = YES;
				CLANG_WARN_INT_CONVERSION = YES;
				CLANG_WARN_NON_LITERAL_NULL_CONVERSION = YES;
				CLANG_WARN_OBJC_IMPLICIT_RETAIN_SELF = YES;
				CLANG_WARN_OBJC_LITERAL_CONVERSION = YES;
				CLANG_WARN_OBJC_ROOT_CLASS = YES_ERROR;
				CLANG_WARN_RANGE_LOOP_ANALYSIS = YES;
				CLANG_WARN_STRICT_PROTOTYPES = YES;
				CLANG_WARN_SUSPICIOUS_MOVE = YES;
				CLANG_WARN_UNGUARDED_AVAILABILITY = YES_AGGRESSIVE;
				CLANG_WARN_UNREACHABLE_CODE = YES;
				CLANG_WARN__DUPLICATE_METHOD_MATCH = YES;
				CODE_SIGN_IDENTITY = "iPhone Developer";
				COPY_PHASE_STRIP = NO;
				DEBUG_INFORMATION_FORMAT = "dwarf-with-dsym";
				ENABLE_NS_ASSERTIONS = NO;
				ENABLE_STRICT_OBJC_MSGSEND = YES;
				GCC_C_LANGUAGE_STANDARD = gnu11;
				GCC_NO_COMMON_BLOCKS = YES;
				GCC_WARN_64_TO_32_BIT_CONVERSION = YES;
				GCC_WARN_ABOUT_RETURN_TYPE = YES_ERROR;
				GCC_WARN_UNDECLARED_SELECTOR = YES;
				GCC_WARN_UNINITIALIZED_AUTOS = YES_AGGRESSIVE;
				GCC_WARN_UNUSED_FUNCTION = YES;
				GCC_WARN_UNUSED_VARIABLE = YES;
				IPHONEOS_DEPLOYMENT_TARGET = 8.0;
				MTL_ENABLE_DEBUG_INFO = NO;
				MTL_FAST_MATH = YES;
				SDKROOT = iphoneos;
				VALIDATE_PRODUCT = YES;
			};
			name = Release;
		};
		926F54F721EF63160066C8EE /* Debug */ = {
			isa = XCBuildConfiguration;
			buildSettings = {
				ASSETCATALOG_COMPILER_APPICON_NAME = AppIcon;
				CODE_SIGN_STYLE = Automatic;
				DEVELOPMENT_TEAM = 369359VRQ2;
				GCC_PREPROCESSOR_DEFINITIONS = (
					"DEBUG=1",
					"$(inherited)",
				);
				HEADER_SEARCH_PATHS = "\"$(SRCROOT)/../ThinkVerb\"";
				INFOPLIST_FILE = ThinkVerbDemo/Info.plist;
				IPHONEOS_DEPLOYMENT_TARGET = 9.0;
				LD_RUNPATH_SEARCH_PATHS = (
					"$(inherited)",
					"@executable_path/Frameworks",
				);
				PRODUCT_BUNDLE_IDENTIFIER = com.TV.ThinkVerbDemo;
				PRODUCT_NAME = "$(TARGET_NAME)";
				TARGETED_DEVICE_FAMILY = 1;
				USER_HEADER_SEARCH_PATHS = "\"$(SRCROOT)/../ThinkVerb\"";
			};
			name = Debug;
		};
		926F54F821EF63160066C8EE /* Release */ = {
			isa = XCBuildConfiguration;
			buildSettings = {
				ASSETCATALOG_COMPILER_APPICON_NAME = AppIcon;
				CODE_SIGN_STYLE = Automatic;
				DEVELOPMENT_TEAM = 369359VRQ2;
				HEADER_SEARCH_PATHS = "\"$(SRCROOT)/../ThinkVerb\"";
				INFOPLIST_FILE = ThinkVerbDemo/Info.plist;
				IPHONEOS_DEPLOYMENT_TARGET = 9.0;
				LD_RUNPATH_SEARCH_PATHS = (
					"$(inherited)",
					"@executable_path/Frameworks",
				);
				PRODUCT_BUNDLE_IDENTIFIER = com.TV.ThinkVerbDemo;
				PRODUCT_NAME = "$(TARGET_NAME)";
				TARGETED_DEVICE_FAMILY = 1;
				USER_HEADER_SEARCH_PATHS = "\"$(SRCROOT)/../ThinkVerb\"";
			};
			name = Release;
		};
/* End XCBuildConfiguration section */

/* Begin XCConfigurationList section */
		926F54DB21EF63140066C8EE /* Build configuration list for PBXProject "ThinkVerbDemo" */ = {
			isa = XCConfigurationList;
			buildConfigurations = (
				926F54F421EF63160066C8EE /* Debug */,
				926F54F521EF63160066C8EE /* Release */,
			);
			defaultConfigurationIsVisible = 0;
			defaultConfigurationName = Release;
		};
		926F54F621EF63160066C8EE /* Build configuration list for PBXNativeTarget "ThinkVerbDemo" */ = {
			isa = XCConfigurationList;
			buildConfigurations = (
				926F54F721EF63160066C8EE /* Debug */,
				926F54F821EF63160066C8EE /* Release */,
			);
			defaultConfigurationIsVisible = 0;
			defaultConfigurationName = Release;
		};
/* End XCConfigurationList section */
	};
	rootObject = 926F54D821EF63140066C8EE /* Project object */;
}
